// !$*UTF8*$!
{
	archiveVersion = 1;
	classes = {
	};
	objectVersion = 55;
	objects = {

/* Begin PBXBuildFile section */
		EFCDD7F627EF3965003E522F /* AppDelegate.swift in Sources */ = {isa = PBXBuildFile; fileRef = EFCDD7F527EF3965003E522F /* AppDelegate.swift */; };
		EFCDD7F827EF3965003E522F /* SceneDelegate.swift in Sources */ = {isa = PBXBuildFile; fileRef = EFCDD7F727EF3965003E522F /* SceneDelegate.swift */; };
		EFCDD7FA27EF3965003E522F /* ViewController.swift in Sources */ = {isa = PBXBuildFile; fileRef = EFCDD7F927EF3965003E522F /* ViewController.swift */; };
		EFCDD7FF27EF3969003E522F /* Assets.xcassets in Resources */ = {isa = PBXBuildFile; fileRef = EFCDD7FE27EF3969003E522F /* Assets.xcassets */; };
		EFCDD80227EF3969003E522F /* LaunchScreen.storyboard in Resources */ = {isa = PBXBuildFile; fileRef = EFCDD80027EF3969003E522F /* LaunchScreen.storyboard */; };
		EFCDD81327EF3AFA003E522F /* RxMVVM.docc in Sources */ = {isa = PBXBuildFile; fileRef = EFCDD81227EF3AFA003E522F /* RxMVVM.docc */; };
		EFCDD81427EF3AFA003E522F /* RxMVVM.h in Headers */ = {isa = PBXBuildFile; fileRef = EFCDD81127EF3AFA003E522F /* RxMVVM.h */; settings = {ATTRIBUTES = (Public, ); }; };
		EFCDD81727EF3AFA003E522F /* RxMVVM.framework in Frameworks */ = {isa = PBXBuildFile; fileRef = EFCDD80F27EF3AFA003E522F /* RxMVVM.framework */; };
		EFCDD81827EF3AFA003E522F /* RxMVVM.framework in Embed Frameworks */ = {isa = PBXBuildFile; fileRef = EFCDD80F27EF3AFA003E522F /* RxMVVM.framework */; settings = {ATTRIBUTES = (CodeSignOnCopy, RemoveHeadersOnCopy, ); }; };
		EFCDD81F27EF3B50003E522F /* RxTableController.swift in Sources */ = {isa = PBXBuildFile; fileRef = EFCDD81E27EF3B50003E522F /* RxTableController.swift */; };
		EFCDD82E27EF3CDC003E522F /* RxDataSources in Frameworks */ = {isa = PBXBuildFile; productRef = EFCDD82D27EF3CDC003E522F /* RxDataSources */; };
		EFCDD83027EF3D1D003E522F /* ReloadViewModel.swift in Sources */ = {isa = PBXBuildFile; fileRef = EFCDD82F27EF3D1D003E522F /* ReloadViewModel.swift */; };
		EFCDD83227EF3DAF003E522F /* DataSource.swift in Sources */ = {isa = PBXBuildFile; fileRef = EFCDD83127EF3DAF003E522F /* DataSource.swift */; };
		EFCDD84027EF3EC6003E522F /* ConfigurableUI.docc in Sources */ = {isa = PBXBuildFile; fileRef = EFCDD83F27EF3EC6003E522F /* ConfigurableUI.docc */; };
		EFCDD84127EF3EC6003E522F /* ConfigurableUI.h in Headers */ = {isa = PBXBuildFile; fileRef = EFCDD83E27EF3EC6003E522F /* ConfigurableUI.h */; settings = {ATTRIBUTES = (Public, ); }; };
		EFCDD84A27EF3F1B003E522F /*  RowViewModel.swift in Sources */ = {isa = PBXBuildFile; fileRef = EFCDD83327EF3E30003E522F /*  RowViewModel.swift */; };
		EFCDD84B27EF3F1D003E522F /* ConfigurableRow.swift in Sources */ = {isa = PBXBuildFile; fileRef = EFCDD83527EF3E55003E522F /* ConfigurableRow.swift */; };
		EFCDD84F27EF3F8C003E522F /* UITableView+.swift in Sources */ = {isa = PBXBuildFile; fileRef = EFCDD84E27EF3F8C003E522F /* UITableView+.swift */; };
		EFCDD85127EF3FA3003E522F /* IdentifiableView.swift in Sources */ = {isa = PBXBuildFile; fileRef = EFCDD85027EF3FA3003E522F /* IdentifiableView.swift */; };
		EFCDD85427EF3FD0003E522F /* UICollectionView+.swift in Sources */ = {isa = PBXBuildFile; fileRef = EFCDD85327EF3FD0003E522F /* UICollectionView+.swift */; };
		EFCDD85727EF40DF003E522F /* ConfigurableUI.framework in Frameworks */ = {isa = PBXBuildFile; fileRef = EFCDD83C27EF3EC6003E522F /* ConfigurableUI.framework */; platformFilter = ios; };
		EFCDD85827EF40DF003E522F /* ConfigurableUI.framework in Embed Frameworks */ = {isa = PBXBuildFile; fileRef = EFCDD83C27EF3EC6003E522F /* ConfigurableUI.framework */; settings = {ATTRIBUTES = (CodeSignOnCopy, RemoveHeadersOnCopy, ); }; };
		EFCDD85D27EF4168003E522F /* ConfigureViewModable.swift in Sources */ = {isa = PBXBuildFile; fileRef = EFCDD85C27EF4168003E522F /* ConfigureViewModable.swift */; };
		EFCDD85F27EF4B75003E522F /* RxViewController.swift in Sources */ = {isa = PBXBuildFile; fileRef = EFCDD85E27EF4B75003E522F /* RxViewController.swift */; };
		EFCDD86327EF568F003E522F /* Differentiator in Frameworks */ = {isa = PBXBuildFile; productRef = EFCDD86227EF568F003E522F /* Differentiator */; };
		EFCDD86627EF59B7003E522F /* RxCocoa in Frameworks */ = {isa = PBXBuildFile; productRef = EFCDD86527EF59B7003E522F /* RxCocoa */; };
		EFCDD86827EF59B7003E522F /* RxSwift in Frameworks */ = {isa = PBXBuildFile; productRef = EFCDD86727EF59B7003E522F /* RxSwift */; };
		EFCDD86B27EF60CD003E522F /* AnimatableViewModel.swift in Sources */ = {isa = PBXBuildFile; fileRef = EFCDD86A27EF60CD003E522F /* AnimatableViewModel.swift */; };
		EFCDD86F27EF6103003E522F /* RxAnimatedTableViewController.swift in Sources */ = {isa = PBXBuildFile; fileRef = EFCDD86E27EF6103003E522F /* RxAnimatedTableViewController.swift */; };
		EFCDD87127EF6135003E522F /* RxReloadTableViewController.swift in Sources */ = {isa = PBXBuildFile; fileRef = EFCDD87027EF6135003E522F /* RxReloadTableViewController.swift */; };
		EFCDD87427EF61D3003E522F /* AnimatableDataSource.swift in Sources */ = {isa = PBXBuildFile; fileRef = EFCDD87327EF61D3003E522F /* AnimatableDataSource.swift */; };
		EFCDD87727EF63EB003E522F /* RxCollectionViewController.swift in Sources */ = {isa = PBXBuildFile; fileRef = EFCDD87627EF63EB003E522F /* RxCollectionViewController.swift */; };
		EFCDD87927EF65ED003E522F /* RxReloadCollectionViewController.swift in Sources */ = {isa = PBXBuildFile; fileRef = EFCDD87827EF65ED003E522F /* RxReloadCollectionViewController.swift */; };
		EFCDD87B27EF6609003E522F /* RxAnimatedCollectionViewController.swift in Sources */ = {isa = PBXBuildFile; fileRef = EFCDD87A27EF6609003E522F /* RxAnimatedCollectionViewController.swift */; };
		EFCDD88027EF673B003E522F /* NotesViewModel.swift in Sources */ = {isa = PBXBuildFile; fileRef = EFCDD87F27EF673B003E522F /* NotesViewModel.swift */; };
		EFCDD88227EF6750003E522F /* NotesViewController.swift in Sources */ = {isa = PBXBuildFile; fileRef = EFCDD88127EF6750003E522F /* NotesViewController.swift */; };
		EFCDD88527EF6789003E522F /* NoteTableViewCell.swift in Sources */ = {isa = PBXBuildFile; fileRef = EFCDD88427EF6789003E522F /* NoteTableViewCell.swift */; };
		EFCDD89127EF6D38003E522F /* PatternFoundation.docc in Sources */ = {isa = PBXBuildFile; fileRef = EFCDD89027EF6D38003E522F /* PatternFoundation.docc */; };
		EFCDD89227EF6D38003E522F /* PatternFoundation.h in Headers */ = {isa = PBXBuildFile; fileRef = EFCDD88F27EF6D38003E522F /* PatternFoundation.h */; settings = {ATTRIBUTES = (Public, ); }; };
		EFCDD89B27EF6D57003E522F /* ViewCyicleHandler.swift in Sources */ = {isa = PBXBuildFile; fileRef = EFCDD88627EF6C93003E522F /* ViewCyicleHandler.swift */; };
		EFCDD89C27EF6D9D003E522F /* PatternFoundation.framework in Frameworks */ = {isa = PBXBuildFile; fileRef = EFCDD88D27EF6D38003E522F /* PatternFoundation.framework */; platformFilter = ios; };
		EFCDD89D27EF6D9D003E522F /* PatternFoundation.framework in Embed Frameworks */ = {isa = PBXBuildFile; fileRef = EFCDD88D27EF6D38003E522F /* PatternFoundation.framework */; settings = {ATTRIBUTES = (CodeSignOnCopy, RemoveHeadersOnCopy, ); }; };
		EFCDD8A427EF7037003E522F /* StorageService.swift in Sources */ = {isa = PBXBuildFile; fileRef = EFCDD8A327EF7037003E522F /* StorageService.swift */; };
		EFCDD8A727EF70F1003E522F /* Note.swift in Sources */ = {isa = PBXBuildFile; fileRef = EFCDD8A627EF70F1003E522F /* Note.swift */; };
		EFCDD8AA27EF73CB003E522F /* SnapKit in Frameworks */ = {isa = PBXBuildFile; productRef = EFCDD8A927EF73CB003E522F /* SnapKit */; };
		EFCDD8AE27EF7659003E522F /* BaseTableViewCell.swift in Sources */ = {isa = PBXBuildFile; fileRef = EFCDD8AD27EF7659003E522F /* BaseTableViewCell.swift */; };
/* End PBXBuildFile section */

/* Begin PBXContainerItemProxy section */
		EFCDD81527EF3AFA003E522F /* PBXContainerItemProxy */ = {
			isa = PBXContainerItemProxy;
			containerPortal = EFCDD7EA27EF3965003E522F /* Project object */;
			proxyType = 1;
			remoteGlobalIDString = EFCDD80E27EF3AFA003E522F;
			remoteInfo = RxMVVM;
		};
		EFCDD85927EF40DF003E522F /* PBXContainerItemProxy */ = {
			isa = PBXContainerItemProxy;
			containerPortal = EFCDD7EA27EF3965003E522F /* Project object */;
			proxyType = 1;
			remoteGlobalIDString = EFCDD83B27EF3EC6003E522F;
			remoteInfo = ConfigurableUI;
		};
		EFCDD89E27EF6D9D003E522F /* PBXContainerItemProxy */ = {
			isa = PBXContainerItemProxy;
			containerPortal = EFCDD7EA27EF3965003E522F /* Project object */;
			proxyType = 1;
			remoteGlobalIDString = EFCDD88C27EF6D38003E522F;
			remoteInfo = PatternFoundation;
		};
/* End PBXContainerItemProxy section */

/* Begin PBXCopyFilesBuildPhase section */
		EFCDD81927EF3AFA003E522F /* Embed Frameworks */ = {
			isa = PBXCopyFilesBuildPhase;
			buildActionMask = 2147483647;
			dstPath = "";
			dstSubfolderSpec = 10;
			files = (
				EFCDD81827EF3AFA003E522F /* RxMVVM.framework in Embed Frameworks */,
			);
			name = "Embed Frameworks";
			runOnlyForDeploymentPostprocessing = 0;
		};
		EFCDD85B27EF40E0003E522F /* Embed Frameworks */ = {
			isa = PBXCopyFilesBuildPhase;
			buildActionMask = 2147483647;
			dstPath = "";
			dstSubfolderSpec = 10;
			files = (
				EFCDD89D27EF6D9D003E522F /* PatternFoundation.framework in Embed Frameworks */,
				EFCDD85827EF40DF003E522F /* ConfigurableUI.framework in Embed Frameworks */,
			);
			name = "Embed Frameworks";
			runOnlyForDeploymentPostprocessing = 0;
		};
/* End PBXCopyFilesBuildPhase section */

/* Begin PBXFileReference section */
		EFCDD7F227EF3965003E522F /* iOSPatterns.app */ = {isa = PBXFileReference; explicitFileType = wrapper.application; includeInIndex = 0; path = iOSPatterns.app; sourceTree = BUILT_PRODUCTS_DIR; };
		EFCDD7F527EF3965003E522F /* AppDelegate.swift */ = {isa = PBXFileReference; lastKnownFileType = sourcecode.swift; path = AppDelegate.swift; sourceTree = "<group>"; };
		EFCDD7F727EF3965003E522F /* SceneDelegate.swift */ = {isa = PBXFileReference; lastKnownFileType = sourcecode.swift; path = SceneDelegate.swift; sourceTree = "<group>"; };
		EFCDD7F927EF3965003E522F /* ViewController.swift */ = {isa = PBXFileReference; lastKnownFileType = sourcecode.swift; path = ViewController.swift; sourceTree = "<group>"; };
		EFCDD7FE27EF3969003E522F /* Assets.xcassets */ = {isa = PBXFileReference; lastKnownFileType = folder.assetcatalog; path = Assets.xcassets; sourceTree = "<group>"; };
		EFCDD80127EF3969003E522F /* Base */ = {isa = PBXFileReference; lastKnownFileType = file.storyboard; name = Base; path = Base.lproj/LaunchScreen.storyboard; sourceTree = "<group>"; };
		EFCDD80327EF3969003E522F /* Info.plist */ = {isa = PBXFileReference; lastKnownFileType = text.plist.xml; path = Info.plist; sourceTree = "<group>"; };
		EFCDD80F27EF3AFA003E522F /* RxMVVM.framework */ = {isa = PBXFileReference; explicitFileType = wrapper.framework; includeInIndex = 0; path = RxMVVM.framework; sourceTree = BUILT_PRODUCTS_DIR; };
		EFCDD81127EF3AFA003E522F /* RxMVVM.h */ = {isa = PBXFileReference; lastKnownFileType = sourcecode.c.h; path = RxMVVM.h; sourceTree = "<group>"; };
		EFCDD81227EF3AFA003E522F /* RxMVVM.docc */ = {isa = PBXFileReference; lastKnownFileType = folder.documentationcatalog; path = RxMVVM.docc; sourceTree = "<group>"; };
		EFCDD81E27EF3B50003E522F /* RxTableController.swift */ = {isa = PBXFileReference; lastKnownFileType = sourcecode.swift; path = RxTableController.swift; sourceTree = "<group>"; };
		EFCDD82F27EF3D1D003E522F /* ReloadViewModel.swift */ = {isa = PBXFileReference; lastKnownFileType = sourcecode.swift; path = ReloadViewModel.swift; sourceTree = "<group>"; };
		EFCDD83127EF3DAF003E522F /* DataSource.swift */ = {isa = PBXFileReference; lastKnownFileType = sourcecode.swift; path = DataSource.swift; sourceTree = "<group>"; };
		EFCDD83327EF3E30003E522F /*  RowViewModel.swift */ = {isa = PBXFileReference; lastKnownFileType = sourcecode.swift; path = " RowViewModel.swift"; sourceTree = "<group>"; };
		EFCDD83527EF3E55003E522F /* ConfigurableRow.swift */ = {isa = PBXFileReference; lastKnownFileType = sourcecode.swift; path = ConfigurableRow.swift; sourceTree = "<group>"; };
		EFCDD83C27EF3EC6003E522F /* ConfigurableUI.framework */ = {isa = PBXFileReference; explicitFileType = wrapper.framework; includeInIndex = 0; path = ConfigurableUI.framework; sourceTree = BUILT_PRODUCTS_DIR; };
		EFCDD83E27EF3EC6003E522F /* ConfigurableUI.h */ = {isa = PBXFileReference; lastKnownFileType = sourcecode.c.h; path = ConfigurableUI.h; sourceTree = "<group>"; };
		EFCDD83F27EF3EC6003E522F /* ConfigurableUI.docc */ = {isa = PBXFileReference; lastKnownFileType = folder.documentationcatalog; path = ConfigurableUI.docc; sourceTree = "<group>"; };
		EFCDD84E27EF3F8C003E522F /* UITableView+.swift */ = {isa = PBXFileReference; lastKnownFileType = sourcecode.swift; path = "UITableView+.swift"; sourceTree = "<group>"; };
		EFCDD85027EF3FA3003E522F /* IdentifiableView.swift */ = {isa = PBXFileReference; lastKnownFileType = sourcecode.swift; path = IdentifiableView.swift; sourceTree = "<group>"; };
		EFCDD85327EF3FD0003E522F /* UICollectionView+.swift */ = {isa = PBXFileReference; lastKnownFileType = sourcecode.swift; path = "UICollectionView+.swift"; sourceTree = "<group>"; };
		EFCDD85C27EF4168003E522F /* ConfigureViewModable.swift */ = {isa = PBXFileReference; lastKnownFileType = sourcecode.swift; path = ConfigureViewModable.swift; sourceTree = "<group>"; };
		EFCDD85E27EF4B75003E522F /* RxViewController.swift */ = {isa = PBXFileReference; lastKnownFileType = sourcecode.swift; path = RxViewController.swift; sourceTree = "<group>"; };
		EFCDD86A27EF60CD003E522F /* AnimatableViewModel.swift */ = {isa = PBXFileReference; lastKnownFileType = sourcecode.swift; path = AnimatableViewModel.swift; sourceTree = "<group>"; };
		EFCDD86E27EF6103003E522F /* RxAnimatedTableViewController.swift */ = {isa = PBXFileReference; lastKnownFileType = sourcecode.swift; path = RxAnimatedTableViewController.swift; sourceTree = "<group>"; };
		EFCDD87027EF6135003E522F /* RxReloadTableViewController.swift */ = {isa = PBXFileReference; lastKnownFileType = sourcecode.swift; path = RxReloadTableViewController.swift; sourceTree = "<group>"; };
		EFCDD87327EF61D3003E522F /* AnimatableDataSource.swift */ = {isa = PBXFileReference; lastKnownFileType = sourcecode.swift; path = AnimatableDataSource.swift; sourceTree = "<group>"; };
		EFCDD87627EF63EB003E522F /* RxCollectionViewController.swift */ = {isa = PBXFileReference; lastKnownFileType = sourcecode.swift; path = RxCollectionViewController.swift; sourceTree = "<group>"; };
		EFCDD87827EF65ED003E522F /* RxReloadCollectionViewController.swift */ = {isa = PBXFileReference; lastKnownFileType = sourcecode.swift; path = RxReloadCollectionViewController.swift; sourceTree = "<group>"; };
		EFCDD87A27EF6609003E522F /* RxAnimatedCollectionViewController.swift */ = {isa = PBXFileReference; lastKnownFileType = sourcecode.swift; path = RxAnimatedCollectionViewController.swift; sourceTree = "<group>"; };
		EFCDD87F27EF673B003E522F /* NotesViewModel.swift */ = {isa = PBXFileReference; lastKnownFileType = sourcecode.swift; path = NotesViewModel.swift; sourceTree = "<group>"; };
		EFCDD88127EF6750003E522F /* NotesViewController.swift */ = {isa = PBXFileReference; lastKnownFileType = sourcecode.swift; path = NotesViewController.swift; sourceTree = "<group>"; };
		EFCDD88427EF6789003E522F /* NoteTableViewCell.swift */ = {isa = PBXFileReference; lastKnownFileType = sourcecode.swift; path = NoteTableViewCell.swift; sourceTree = "<group>"; };
		EFCDD88627EF6C93003E522F /* ViewCyicleHandler.swift */ = {isa = PBXFileReference; lastKnownFileType = sourcecode.swift; path = ViewCyicleHandler.swift; sourceTree = "<group>"; };
		EFCDD88D27EF6D38003E522F /* PatternFoundation.framework */ = {isa = PBXFileReference; explicitFileType = wrapper.framework; includeInIndex = 0; path = PatternFoundation.framework; sourceTree = BUILT_PRODUCTS_DIR; };
		EFCDD88F27EF6D38003E522F /* PatternFoundation.h */ = {isa = PBXFileReference; lastKnownFileType = sourcecode.c.h; path = PatternFoundation.h; sourceTree = "<group>"; };
		EFCDD89027EF6D38003E522F /* PatternFoundation.docc */ = {isa = PBXFileReference; lastKnownFileType = folder.documentationcatalog; path = PatternFoundation.docc; sourceTree = "<group>"; };
		EFCDD8A327EF7037003E522F /* StorageService.swift */ = {isa = PBXFileReference; lastKnownFileType = sourcecode.swift; path = StorageService.swift; sourceTree = "<group>"; };
		EFCDD8A627EF70F1003E522F /* Note.swift */ = {isa = PBXFileReference; lastKnownFileType = sourcecode.swift; path = Note.swift; sourceTree = "<group>"; };
		EFCDD8AD27EF7659003E522F /* BaseTableViewCell.swift */ = {isa = PBXFileReference; lastKnownFileType = sourcecode.swift; path = BaseTableViewCell.swift; sourceTree = "<group>"; };
/* End PBXFileReference section */

/* Begin PBXFrameworksBuildPhase section */
		EFCDD7EF27EF3965003E522F /* Frameworks */ = {
			isa = PBXFrameworksBuildPhase;
			buildActionMask = 2147483647;
			files = (
				EFCDD8AA27EF73CB003E522F /* SnapKit in Frameworks */,
				EFCDD81727EF3AFA003E522F /* RxMVVM.framework in Frameworks */,
			);
			runOnlyForDeploymentPostprocessing = 0;
		};
		EFCDD80C27EF3AFA003E522F /* Frameworks */ = {
			isa = PBXFrameworksBuildPhase;
			buildActionMask = 2147483647;
			files = (
				EFCDD89C27EF6D9D003E522F /* PatternFoundation.framework in Frameworks */,
				EFCDD86327EF568F003E522F /* Differentiator in Frameworks */,
				EFCDD82E27EF3CDC003E522F /* RxDataSources in Frameworks */,
				EFCDD86827EF59B7003E522F /* RxSwift in Frameworks */,
				EFCDD86627EF59B7003E522F /* RxCocoa in Frameworks */,
				EFCDD85727EF40DF003E522F /* ConfigurableUI.framework in Frameworks */,
			);
			runOnlyForDeploymentPostprocessing = 0;
		};
		EFCDD83927EF3EC6003E522F /* Frameworks */ = {
			isa = PBXFrameworksBuildPhase;
			buildActionMask = 2147483647;
			files = (
			);
			runOnlyForDeploymentPostprocessing = 0;
		};
		EFCDD88A27EF6D38003E522F /* Frameworks */ = {
			isa = PBXFrameworksBuildPhase;
			buildActionMask = 2147483647;
			files = (
			);
			runOnlyForDeploymentPostprocessing = 0;
		};
/* End PBXFrameworksBuildPhase section */

/* Begin PBXGroup section */
		EFCDD7E927EF3965003E522F = {
			isa = PBXGroup;
			children = (
				EFCDD7F427EF3965003E522F /* iOSPatterns */,
				EFCDD8AF27EF771E003E522F /* L1 */,
				EFCDD8B027EF7739003E522F /* L0 */,
				EFCDD7F327EF3965003E522F /* Products */,
				EFCDD82527EF3C0E003E522F /* Frameworks */,
			);
			sourceTree = "<group>";
		};
		EFCDD7F327EF3965003E522F /* Products */ = {
			isa = PBXGroup;
			children = (
				EFCDD7F227EF3965003E522F /* iOSPatterns.app */,
				EFCDD80F27EF3AFA003E522F /* RxMVVM.framework */,
				EFCDD83C27EF3EC6003E522F /* ConfigurableUI.framework */,
				EFCDD88D27EF6D38003E522F /* PatternFoundation.framework */,
			);
			name = Products;
			sourceTree = "<group>";
		};
		EFCDD7F427EF3965003E522F /* iOSPatterns */ = {
			isa = PBXGroup;
			children = (
				EFCDD8B127EF774E003E522F /* Application */,
				EFCDD80927EF397A003E522F /* Patterns */,
				EFCDD7FE27EF3969003E522F /* Assets.xcassets */,
				EFCDD80027EF3969003E522F /* LaunchScreen.storyboard */,
				EFCDD80327EF3969003E522F /* Info.plist */,
			);
			path = iOSPatterns;
			sourceTree = "<group>";
		};
		EFCDD80927EF397A003E522F /* Patterns */ = {
			isa = PBXGroup;
			children = (
				EFCDD7F927EF3965003E522F /* ViewController.swift */,
				EFCDD87E27EF670F003E522F /* MVVMExample */,
			);
			path = Patterns;
			sourceTree = "<group>";
		};
		EFCDD81027EF3AFA003E522F /* RxMVVM */ = {
			isa = PBXGroup;
			children = (
				EFCDD81D27EF3B01003E522F /* Main */,
				EFCDD81127EF3AFA003E522F /* RxMVVM.h */,
				EFCDD81227EF3AFA003E522F /* RxMVVM.docc */,
			);
			path = RxMVVM;
			sourceTree = "<group>";
		};
		EFCDD81D27EF3B01003E522F /* Main */ = {
			isa = PBXGroup;
			children = (
				EFCDD87D27EF66DD003E522F /* Controllers */,
				EFCDD87C27EF66D5003E522F /* Helpers */,
				EFCDD86D27EF60F6003E522F /* ViewModels */,
			);
			path = Main;
			sourceTree = "<group>";
		};
		EFCDD82527EF3C0E003E522F /* Frameworks */ = {
			isa = PBXGroup;
			children = (
			);
			name = Frameworks;
			sourceTree = "<group>";
		};
		EFCDD83D27EF3EC6003E522F /* ConfigurableUI */ = {
			isa = PBXGroup;
			children = (
				EFCDD84927EF3F0E003E522F /* Main */,
				EFCDD83E27EF3EC6003E522F /* ConfigurableUI.h */,
				EFCDD83F27EF3EC6003E522F /* ConfigurableUI.docc */,
			);
			path = ConfigurableUI;
			sourceTree = "<group>";
		};
		EFCDD84927EF3F0E003E522F /* Main */ = {
			isa = PBXGroup;
			children = (
				EFCDD85027EF3FA3003E522F /* IdentifiableView.swift */,
				EFCDD83527EF3E55003E522F /* ConfigurableRow.swift */,
				EFCDD83327EF3E30003E522F /*  RowViewModel.swift */,
				EFCDD84E27EF3F8C003E522F /* UITableView+.swift */,
				EFCDD85327EF3FD0003E522F /* UICollectionView+.swift */,
			);
			path = Main;
			sourceTree = "<group>";
		};
		EFCDD86927EF60C5003E522F /* TableView */ = {
			isa = PBXGroup;
			children = (
				EFCDD81E27EF3B50003E522F /* RxTableController.swift */,
				EFCDD87027EF6135003E522F /* RxReloadTableViewController.swift */,
				EFCDD86E27EF6103003E522F /* RxAnimatedTableViewController.swift */,
			);
			path = TableView;
			sourceTree = "<group>";
		};
		EFCDD86D27EF60F6003E522F /* ViewModels */ = {
			isa = PBXGroup;
			children = (
				EFCDD86A27EF60CD003E522F /* AnimatableViewModel.swift */,
				EFCDD82F27EF3D1D003E522F /* ReloadViewModel.swift */,
			);
			path = ViewModels;
			sourceTree = "<group>";
		};
		EFCDD87227EF61C6003E522F /* DataSource */ = {
			isa = PBXGroup;
			children = (
				EFCDD83127EF3DAF003E522F /* DataSource.swift */,
				EFCDD87327EF61D3003E522F /* AnimatableDataSource.swift */,
			);
			path = DataSource;
			sourceTree = "<group>";
		};
		EFCDD87527EF63DE003E522F /* CollectionView */ = {
			isa = PBXGroup;
			children = (
				EFCDD87627EF63EB003E522F /* RxCollectionViewController.swift */,
				EFCDD87827EF65ED003E522F /* RxReloadCollectionViewController.swift */,
				EFCDD87A27EF6609003E522F /* RxAnimatedCollectionViewController.swift */,
			);
			path = CollectionView;
			sourceTree = "<group>";
		};
		EFCDD87C27EF66D5003E522F /* Helpers */ = {
			isa = PBXGroup;
			children = (
				EFCDD85C27EF4168003E522F /* ConfigureViewModable.swift */,
				EFCDD87227EF61C6003E522F /* DataSource */,
			);
			path = Helpers;
			sourceTree = "<group>";
		};
		EFCDD87D27EF66DD003E522F /* Controllers */ = {
			isa = PBXGroup;
			children = (
				EFCDD85E27EF4B75003E522F /* RxViewController.swift */,
				EFCDD87527EF63DE003E522F /* CollectionView */,
				EFCDD86927EF60C5003E522F /* TableView */,
			);
			path = Controllers;
			sourceTree = "<group>";
		};
		EFCDD87E27EF670F003E522F /* MVVMExample */ = {
			isa = PBXGroup;
			children = (
				EFCDD8A127EF700B003E522F /* Modules */,
				EFCDD8A227EF7017003E522F /* Services */,
				EFCDD8A527EF70E7003E522F /* Types */,
			);
			path = MVVMExample;
			sourceTree = "<group>";
		};
		EFCDD88327EF6779003E522F /* Cells */ = {
			isa = PBXGroup;
			children = (
				EFCDD88427EF6789003E522F /* NoteTableViewCell.swift */,
			);
			path = Cells;
			sourceTree = "<group>";
		};
		EFCDD88E27EF6D38003E522F /* PatternFoundation */ = {
			isa = PBXGroup;
			children = (
				EFCDD89A27EF6D4F003E522F /* Main */,
				EFCDD88F27EF6D38003E522F /* PatternFoundation.h */,
				EFCDD89027EF6D38003E522F /* PatternFoundation.docc */,
			);
			path = PatternFoundation;
			sourceTree = "<group>";
		};
		EFCDD89A27EF6D4F003E522F /* Main */ = {
			isa = PBXGroup;
			children = (
				EFCDD8AC27EF764C003E522F /* UIKit */,
				EFCDD8AB27EF7642003E522F /* Interfaces */,
			);
			path = Main;
			sourceTree = "<group>";
		};
		EFCDD8A027EF6FFD003E522F /* Notes */ = {
			isa = PBXGroup;
			children = (
				EFCDD88327EF6779003E522F /* Cells */,
				EFCDD87F27EF673B003E522F /* NotesViewModel.swift */,
				EFCDD88127EF6750003E522F /* NotesViewController.swift */,
			);
			path = Notes;
			sourceTree = "<group>";
		};
		EFCDD8A127EF700B003E522F /* Modules */ = {
			isa = PBXGroup;
			children = (
				EFCDD8A027EF6FFD003E522F /* Notes */,
			);
			path = Modules;
			sourceTree = "<group>";
		};
		EFCDD8A227EF7017003E522F /* Services */ = {
			isa = PBXGroup;
			children = (
				EFCDD8A327EF7037003E522F /* StorageService.swift */,
			);
			path = Services;
			sourceTree = "<group>";
		};
		EFCDD8A527EF70E7003E522F /* Types */ = {
			isa = PBXGroup;
			children = (
				EFCDD8A627EF70F1003E522F /* Note.swift */,
			);
			path = Types;
			sourceTree = "<group>";
		};
		EFCDD8AB27EF7642003E522F /* Interfaces */ = {
			isa = PBXGroup;
			children = (
				EFCDD88627EF6C93003E522F /* ViewCyicleHandler.swift */,
			);
			path = Interfaces;
			sourceTree = "<group>";
		};
		EFCDD8AC27EF764C003E522F /* UIKit */ = {
			isa = PBXGroup;
			children = (
				EFCDD8AD27EF7659003E522F /* BaseTableViewCell.swift */,
			);
			path = UIKit;
			sourceTree = "<group>";
		};
		EFCDD8AF27EF771E003E522F /* L1 */ = {
			isa = PBXGroup;
			children = (
				EFCDD81027EF3AFA003E522F /* RxMVVM */,
			);
			path = L1;
			sourceTree = "<group>";
		};
		EFCDD8B027EF7739003E522F /* L0 */ = {
			isa = PBXGroup;
			children = (
				EFCDD83D27EF3EC6003E522F /* ConfigurableUI */,
				EFCDD88E27EF6D38003E522F /* PatternFoundation */,
			);
			path = L0;
			sourceTree = "<group>";
		};
		EFCDD8B127EF774E003E522F /* Application */ = {
			isa = PBXGroup;
			children = (
				EFCDD7F527EF3965003E522F /* AppDelegate.swift */,
				EFCDD7F727EF3965003E522F /* SceneDelegate.swift */,
			);
			path = Application;
			sourceTree = "<group>";
		};
/* End PBXGroup section */

/* Begin PBXHeadersBuildPhase section */
		EFCDD80A27EF3AFA003E522F /* Headers */ = {
			isa = PBXHeadersBuildPhase;
			buildActionMask = 2147483647;
			files = (
				EFCDD81427EF3AFA003E522F /* RxMVVM.h in Headers */,
			);
			runOnlyForDeploymentPostprocessing = 0;
		};
		EFCDD83727EF3EC6003E522F /* Headers */ = {
			isa = PBXHeadersBuildPhase;
			buildActionMask = 2147483647;
			files = (
				EFCDD84127EF3EC6003E522F /* ConfigurableUI.h in Headers */,
			);
			runOnlyForDeploymentPostprocessing = 0;
		};
		EFCDD88827EF6D38003E522F /* Headers */ = {
			isa = PBXHeadersBuildPhase;
			buildActionMask = 2147483647;
			files = (
				EFCDD89227EF6D38003E522F /* PatternFoundation.h in Headers */,
			);
			runOnlyForDeploymentPostprocessing = 0;
		};
/* End PBXHeadersBuildPhase section */

/* Begin PBXNativeTarget section */
		EFCDD7F127EF3965003E522F /* iOSPatterns */ = {
			isa = PBXNativeTarget;
			buildConfigurationList = EFCDD80627EF3969003E522F /* Build configuration list for PBXNativeTarget "iOSPatterns" */;
			buildPhases = (
				EFCDD7EE27EF3965003E522F /* Sources */,
				EFCDD7EF27EF3965003E522F /* Frameworks */,
				EFCDD7F027EF3965003E522F /* Resources */,
				EFCDD81927EF3AFA003E522F /* Embed Frameworks */,
			);
			buildRules = (
			);
			dependencies = (
				EFCDD81627EF3AFA003E522F /* PBXTargetDependency */,
			);
			name = iOSPatterns;
			packageProductDependencies = (
				EFCDD8A927EF73CB003E522F /* SnapKit */,
			);
			productName = iOSPatterns;
			productReference = EFCDD7F227EF3965003E522F /* iOSPatterns.app */;
			productType = "com.apple.product-type.application";
		};
		EFCDD80E27EF3AFA003E522F /* RxMVVM */ = {
			isa = PBXNativeTarget;
			buildConfigurationList = EFCDD81C27EF3AFA003E522F /* Build configuration list for PBXNativeTarget "RxMVVM" */;
			buildPhases = (
				EFCDD80A27EF3AFA003E522F /* Headers */,
				EFCDD80B27EF3AFA003E522F /* Sources */,
				EFCDD80C27EF3AFA003E522F /* Frameworks */,
				EFCDD80D27EF3AFA003E522F /* Resources */,
				EFCDD85B27EF40E0003E522F /* Embed Frameworks */,
			);
			buildRules = (
			);
			dependencies = (
				EFCDD85A27EF40DF003E522F /* PBXTargetDependency */,
				EFCDD89F27EF6D9D003E522F /* PBXTargetDependency */,
			);
			name = RxMVVM;
			packageProductDependencies = (
				EFCDD82D27EF3CDC003E522F /* RxDataSources */,
				EFCDD86227EF568F003E522F /* Differentiator */,
				EFCDD86527EF59B7003E522F /* RxCocoa */,
				EFCDD86727EF59B7003E522F /* RxSwift */,
			);
			productName = RxMVVM;
			productReference = EFCDD80F27EF3AFA003E522F /* RxMVVM.framework */;
			productType = "com.apple.product-type.framework";
		};
		EFCDD83B27EF3EC6003E522F /* ConfigurableUI */ = {
			isa = PBXNativeTarget;
			buildConfigurationList = EFCDD84627EF3EC6003E522F /* Build configuration list for PBXNativeTarget "ConfigurableUI" */;
			buildPhases = (
				EFCDD83727EF3EC6003E522F /* Headers */,
				EFCDD83827EF3EC6003E522F /* Sources */,
				EFCDD83927EF3EC6003E522F /* Frameworks */,
				EFCDD83A27EF3EC6003E522F /* Resources */,
			);
			buildRules = (
			);
			dependencies = (
			);
			name = ConfigurableUI;
			productName = ConfigurableUI;
			productReference = EFCDD83C27EF3EC6003E522F /* ConfigurableUI.framework */;
			productType = "com.apple.product-type.framework";
		};
		EFCDD88C27EF6D38003E522F /* PatternFoundation */ = {
			isa = PBXNativeTarget;
			buildConfigurationList = EFCDD89727EF6D38003E522F /* Build configuration list for PBXNativeTarget "PatternFoundation" */;
			buildPhases = (
				EFCDD88827EF6D38003E522F /* Headers */,
				EFCDD88927EF6D38003E522F /* Sources */,
				EFCDD88A27EF6D38003E522F /* Frameworks */,
				EFCDD88B27EF6D38003E522F /* Resources */,
			);
			buildRules = (
			);
			dependencies = (
			);
			name = PatternFoundation;
			productName = PatternFoundation;
			productReference = EFCDD88D27EF6D38003E522F /* PatternFoundation.framework */;
			productType = "com.apple.product-type.framework";
		};
/* End PBXNativeTarget section */

/* Begin PBXProject section */
		EFCDD7EA27EF3965003E522F /* Project object */ = {
			isa = PBXProject;
			attributes = {
				BuildIndependentTargetsInParallel = 1;
				LastSwiftUpdateCheck = 1320;
				LastUpgradeCheck = 1320;
				TargetAttributes = {
					EFCDD7F127EF3965003E522F = {
						CreatedOnToolsVersion = 13.2.1;
					};
					EFCDD80E27EF3AFA003E522F = {
						CreatedOnToolsVersion = 13.2.1;
					};
					EFCDD83B27EF3EC6003E522F = {
						CreatedOnToolsVersion = 13.2.1;
					};
					EFCDD88C27EF6D38003E522F = {
						CreatedOnToolsVersion = 13.2.1;
					};
				};
			};
			buildConfigurationList = EFCDD7ED27EF3965003E522F /* Build configuration list for PBXProject "iOSPatterns" */;
			compatibilityVersion = "Xcode 13.0";
			developmentRegion = en;
			hasScannedForEncodings = 0;
			knownRegions = (
				en,
				Base,
			);
			mainGroup = EFCDD7E927EF3965003E522F;
			packageReferences = (
				EFCDD82A27EF3CDC003E522F /* XCRemoteSwiftPackageReference "RxDataSources" */,
				EFCDD86427EF59B7003E522F /* XCRemoteSwiftPackageReference "RxSwift" */,
				EFCDD8A827EF73CA003E522F /* XCRemoteSwiftPackageReference "SnapKit" */,
			);
			productRefGroup = EFCDD7F327EF3965003E522F /* Products */;
			projectDirPath = "";
			projectRoot = "";
			targets = (
				EFCDD7F127EF3965003E522F /* iOSPatterns */,
				EFCDD80E27EF3AFA003E522F /* RxMVVM */,
				EFCDD83B27EF3EC6003E522F /* ConfigurableUI */,
				EFCDD88C27EF6D38003E522F /* PatternFoundation */,
			);
		};
/* End PBXProject section */

/* Begin PBXResourcesBuildPhase section */
		EFCDD7F027EF3965003E522F /* Resources */ = {
			isa = PBXResourcesBuildPhase;
			buildActionMask = 2147483647;
			files = (
				EFCDD80227EF3969003E522F /* LaunchScreen.storyboard in Resources */,
				EFCDD7FF27EF3969003E522F /* Assets.xcassets in Resources */,
			);
			runOnlyForDeploymentPostprocessing = 0;
		};
		EFCDD80D27EF3AFA003E522F /* Resources */ = {
			isa = PBXResourcesBuildPhase;
			buildActionMask = 2147483647;
			files = (
			);
			runOnlyForDeploymentPostprocessing = 0;
		};
		EFCDD83A27EF3EC6003E522F /* Resources */ = {
			isa = PBXResourcesBuildPhase;
			buildActionMask = 2147483647;
			files = (
			);
			runOnlyForDeploymentPostprocessing = 0;
		};
		EFCDD88B27EF6D38003E522F /* Resources */ = {
			isa = PBXResourcesBuildPhase;
			buildActionMask = 2147483647;
			files = (
			);
			runOnlyForDeploymentPostprocessing = 0;
		};
/* End PBXResourcesBuildPhase section */

/* Begin PBXSourcesBuildPhase section */
		EFCDD7EE27EF3965003E522F /* Sources */ = {
			isa = PBXSourcesBuildPhase;
			buildActionMask = 2147483647;
			files = (
				EFCDD88027EF673B003E522F /* NotesViewModel.swift in Sources */,
				EFCDD88227EF6750003E522F /* NotesViewController.swift in Sources */,
				EFCDD7FA27EF3965003E522F /* ViewController.swift in Sources */,
				EFCDD8A727EF70F1003E522F /* Note.swift in Sources */,
				EFCDD7F627EF3965003E522F /* AppDelegate.swift in Sources */,
				EFCDD7F827EF3965003E522F /* SceneDelegate.swift in Sources */,
				EFCDD88527EF6789003E522F /* NoteTableViewCell.swift in Sources */,
				EFCDD8A427EF7037003E522F /* StorageService.swift in Sources */,
			);
			runOnlyForDeploymentPostprocessing = 0;
		};
		EFCDD80B27EF3AFA003E522F /* Sources */ = {
			isa = PBXSourcesBuildPhase;
			buildActionMask = 2147483647;
			files = (
				EFCDD81F27EF3B50003E522F /* RxTableController.swift in Sources */,
				EFCDD81327EF3AFA003E522F /* RxMVVM.docc in Sources */,
				EFCDD86F27EF6103003E522F /* RxAnimatedTableViewController.swift in Sources */,
				EFCDD87B27EF6609003E522F /* RxAnimatedCollectionViewController.swift in Sources */,
				EFCDD87427EF61D3003E522F /* AnimatableDataSource.swift in Sources */,
				EFCDD85F27EF4B75003E522F /* RxViewController.swift in Sources */,
				EFCDD86B27EF60CD003E522F /* AnimatableViewModel.swift in Sources */,
				EFCDD87127EF6135003E522F /* RxReloadTableViewController.swift in Sources */,
				EFCDD87727EF63EB003E522F /* RxCollectionViewController.swift in Sources */,
				EFCDD83227EF3DAF003E522F /* DataSource.swift in Sources */,
				EFCDD85D27EF4168003E522F /* ConfigureViewModable.swift in Sources */,
				EFCDD87927EF65ED003E522F /* RxReloadCollectionViewController.swift in Sources */,
				EFCDD83027EF3D1D003E522F /* ReloadViewModel.swift in Sources */,
			);
			runOnlyForDeploymentPostprocessing = 0;
		};
		EFCDD83827EF3EC6003E522F /* Sources */ = {
			isa = PBXSourcesBuildPhase;
			buildActionMask = 2147483647;
			files = (
				EFCDD84A27EF3F1B003E522F /*  RowViewModel.swift in Sources */,
				EFCDD84027EF3EC6003E522F /* ConfigurableUI.docc in Sources */,
				EFCDD84F27EF3F8C003E522F /* UITableView+.swift in Sources */,
				EFCDD85127EF3FA3003E522F /* IdentifiableView.swift in Sources */,
				EFCDD85427EF3FD0003E522F /* UICollectionView+.swift in Sources */,
				EFCDD84B27EF3F1D003E522F /* ConfigurableRow.swift in Sources */,
			);
			runOnlyForDeploymentPostprocessing = 0;
		};
		EFCDD88927EF6D38003E522F /* Sources */ = {
			isa = PBXSourcesBuildPhase;
			buildActionMask = 2147483647;
			files = (
				EFCDD89B27EF6D57003E522F /* ViewCyicleHandler.swift in Sources */,
				EFCDD8AE27EF7659003E522F /* BaseTableViewCell.swift in Sources */,
				EFCDD89127EF6D38003E522F /* PatternFoundation.docc in Sources */,
			);
			runOnlyForDeploymentPostprocessing = 0;
		};
/* End PBXSourcesBuildPhase section */

/* Begin PBXTargetDependency section */
		EFCDD81627EF3AFA003E522F /* PBXTargetDependency */ = {
			isa = PBXTargetDependency;
			target = EFCDD80E27EF3AFA003E522F /* RxMVVM */;
			targetProxy = EFCDD81527EF3AFA003E522F /* PBXContainerItemProxy */;
		};
		EFCDD85A27EF40DF003E522F /* PBXTargetDependency */ = {
			isa = PBXTargetDependency;
			platformFilter = ios;
			target = EFCDD83B27EF3EC6003E522F /* ConfigurableUI */;
			targetProxy = EFCDD85927EF40DF003E522F /* PBXContainerItemProxy */;
		};
		EFCDD89F27EF6D9D003E522F /* PBXTargetDependency */ = {
			isa = PBXTargetDependency;
			platformFilter = ios;
			target = EFCDD88C27EF6D38003E522F /* PatternFoundation */;
			targetProxy = EFCDD89E27EF6D9D003E522F /* PBXContainerItemProxy */;
		};
/* End PBXTargetDependency section */

/* Begin PBXVariantGroup section */
		EFCDD80027EF3969003E522F /* LaunchScreen.storyboard */ = {
			isa = PBXVariantGroup;
			children = (
				EFCDD80127EF3969003E522F /* Base */,
			);
			name = LaunchScreen.storyboard;
			sourceTree = "<group>";
		};
/* End PBXVariantGroup section */

/* Begin XCBuildConfiguration section */
		EFCDD80427EF3969003E522F /* Debug */ = {
			isa = XCBuildConfiguration;
			buildSettings = {
				ALWAYS_SEARCH_USER_PATHS = NO;
				CLANG_ANALYZER_NONNULL = YES;
				CLANG_ANALYZER_NUMBER_OBJECT_CONVERSION = YES_AGGRESSIVE;
				CLANG_CXX_LANGUAGE_STANDARD = "gnu++17";
				CLANG_CXX_LIBRARY = "libc++";
				CLANG_ENABLE_MODULES = YES;
				CLANG_ENABLE_OBJC_ARC = YES;
				CLANG_ENABLE_OBJC_WEAK = YES;
				CLANG_WARN_BLOCK_CAPTURE_AUTORELEASING = YES;
				CLANG_WARN_BOOL_CONVERSION = YES;
				CLANG_WARN_COMMA = YES;
				CLANG_WARN_CONSTANT_CONVERSION = YES;
				CLANG_WARN_DEPRECATED_OBJC_IMPLEMENTATIONS = YES;
				CLANG_WARN_DIRECT_OBJC_ISA_USAGE = YES_ERROR;
				CLANG_WARN_DOCUMENTATION_COMMENTS = YES;
				CLANG_WARN_EMPTY_BODY = YES;
				CLANG_WARN_ENUM_CONVERSION = YES;
				CLANG_WARN_INFINITE_RECURSION = YES;
				CLANG_WARN_INT_CONVERSION = YES;
				CLANG_WARN_NON_LITERAL_NULL_CONVERSION = YES;
				CLANG_WARN_OBJC_IMPLICIT_RETAIN_SELF = YES;
				CLANG_WARN_OBJC_LITERAL_CONVERSION = YES;
				CLANG_WARN_OBJC_ROOT_CLASS = YES_ERROR;
				CLANG_WARN_QUOTED_INCLUDE_IN_FRAMEWORK_HEADER = YES;
				CLANG_WARN_RANGE_LOOP_ANALYSIS = YES;
				CLANG_WARN_STRICT_PROTOTYPES = YES;
				CLANG_WARN_SUSPICIOUS_MOVE = YES;
				CLANG_WARN_UNGUARDED_AVAILABILITY = YES_AGGRESSIVE;
				CLANG_WARN_UNREACHABLE_CODE = YES;
				CLANG_WARN__DUPLICATE_METHOD_MATCH = YES;
				COPY_PHASE_STRIP = NO;
				DEBUG_INFORMATION_FORMAT = dwarf;
				ENABLE_STRICT_OBJC_MSGSEND = YES;
				ENABLE_TESTABILITY = YES;
				GCC_C_LANGUAGE_STANDARD = gnu11;
				GCC_DYNAMIC_NO_PIC = NO;
				GCC_NO_COMMON_BLOCKS = YES;
				GCC_OPTIMIZATION_LEVEL = 0;
				GCC_PREPROCESSOR_DEFINITIONS = (
					"DEBUG=1",
					"$(inherited)",
				);
				GCC_WARN_64_TO_32_BIT_CONVERSION = YES;
				GCC_WARN_ABOUT_RETURN_TYPE = YES_ERROR;
				GCC_WARN_UNDECLARED_SELECTOR = YES;
				GCC_WARN_UNINITIALIZED_AUTOS = YES_AGGRESSIVE;
				GCC_WARN_UNUSED_FUNCTION = YES;
				GCC_WARN_UNUSED_VARIABLE = YES;
				IPHONEOS_DEPLOYMENT_TARGET = 15.2;
				MTL_ENABLE_DEBUG_INFO = INCLUDE_SOURCE;
				MTL_FAST_MATH = YES;
				ONLY_ACTIVE_ARCH = YES;
				SDKROOT = iphoneos;
				SWIFT_ACTIVE_COMPILATION_CONDITIONS = DEBUG;
				SWIFT_OPTIMIZATION_LEVEL = "-Onone";
			};
			name = Debug;
		};
		EFCDD80527EF3969003E522F /* Release */ = {
			isa = XCBuildConfiguration;
			buildSettings = {
				ALWAYS_SEARCH_USER_PATHS = NO;
				CLANG_ANALYZER_NONNULL = YES;
				CLANG_ANALYZER_NUMBER_OBJECT_CONVERSION = YES_AGGRESSIVE;
				CLANG_CXX_LANGUAGE_STANDARD = "gnu++17";
				CLANG_CXX_LIBRARY = "libc++";
				CLANG_ENABLE_MODULES = YES;
				CLANG_ENABLE_OBJC_ARC = YES;
				CLANG_ENABLE_OBJC_WEAK = YES;
				CLANG_WARN_BLOCK_CAPTURE_AUTORELEASING = YES;
				CLANG_WARN_BOOL_CONVERSION = YES;
				CLANG_WARN_COMMA = YES;
				CLANG_WARN_CONSTANT_CONVERSION = YES;
				CLANG_WARN_DEPRECATED_OBJC_IMPLEMENTATIONS = YES;
				CLANG_WARN_DIRECT_OBJC_ISA_USAGE = YES_ERROR;
				CLANG_WARN_DOCUMENTATION_COMMENTS = YES;
				CLANG_WARN_EMPTY_BODY = YES;
				CLANG_WARN_ENUM_CONVERSION = YES;
				CLANG_WARN_INFINITE_RECURSION = YES;
				CLANG_WARN_INT_CONVERSION = YES;
				CLANG_WARN_NON_LITERAL_NULL_CONVERSION = YES;
				CLANG_WARN_OBJC_IMPLICIT_RETAIN_SELF = YES;
				CLANG_WARN_OBJC_LITERAL_CONVERSION = YES;
				CLANG_WARN_OBJC_ROOT_CLASS = YES_ERROR;
				CLANG_WARN_QUOTED_INCLUDE_IN_FRAMEWORK_HEADER = YES;
				CLANG_WARN_RANGE_LOOP_ANALYSIS = YES;
				CLANG_WARN_STRICT_PROTOTYPES = YES;
				CLANG_WARN_SUSPICIOUS_MOVE = YES;
				CLANG_WARN_UNGUARDED_AVAILABILITY = YES_AGGRESSIVE;
				CLANG_WARN_UNREACHABLE_CODE = YES;
				CLANG_WARN__DUPLICATE_METHOD_MATCH = YES;
				COPY_PHASE_STRIP = NO;
				DEBUG_INFORMATION_FORMAT = "dwarf-with-dsym";
				ENABLE_NS_ASSERTIONS = NO;
				ENABLE_STRICT_OBJC_MSGSEND = YES;
				GCC_C_LANGUAGE_STANDARD = gnu11;
				GCC_NO_COMMON_BLOCKS = YES;
				GCC_WARN_64_TO_32_BIT_CONVERSION = YES;
				GCC_WARN_ABOUT_RETURN_TYPE = YES_ERROR;
				GCC_WARN_UNDECLARED_SELECTOR = YES;
				GCC_WARN_UNINITIALIZED_AUTOS = YES_AGGRESSIVE;
				GCC_WARN_UNUSED_FUNCTION = YES;
				GCC_WARN_UNUSED_VARIABLE = YES;
				IPHONEOS_DEPLOYMENT_TARGET = 15.2;
				MTL_ENABLE_DEBUG_INFO = NO;
				MTL_FAST_MATH = YES;
				SDKROOT = iphoneos;
				SWIFT_COMPILATION_MODE = wholemodule;
				SWIFT_OPTIMIZATION_LEVEL = "-O";
				VALIDATE_PRODUCT = YES;
			};
			name = Release;
		};
		EFCDD80727EF3969003E522F /* Debug */ = {
			isa = XCBuildConfiguration;
			buildSettings = {
				ALWAYS_EMBED_SWIFT_STANDARD_LIBRARIES = YES;
				ASSETCATALOG_COMPILER_APPICON_NAME = AppIcon;
				ASSETCATALOG_COMPILER_GLOBAL_ACCENT_COLOR_NAME = AccentColor;
				CODE_SIGN_STYLE = Automatic;
				CURRENT_PROJECT_VERSION = 1;
				DEVELOPMENT_TEAM = 6XNMN66Z79;
				GENERATE_INFOPLIST_FILE = YES;
				INFOPLIST_FILE = iOSPatterns/Info.plist;
				INFOPLIST_KEY_UIApplicationSupportsIndirectInputEvents = YES;
				INFOPLIST_KEY_UILaunchStoryboardName = LaunchScreen;
				INFOPLIST_KEY_UISupportedInterfaceOrientations_iPad = "UIInterfaceOrientationPortrait UIInterfaceOrientationPortraitUpsideDown UIInterfaceOrientationLandscapeLeft UIInterfaceOrientationLandscapeRight";
				INFOPLIST_KEY_UISupportedInterfaceOrientations_iPhone = "UIInterfaceOrientationPortrait UIInterfaceOrientationLandscapeLeft UIInterfaceOrientationLandscapeRight";
				LD_RUNPATH_SEARCH_PATHS = (
					"$(inherited)",
					"@executable_path/Frameworks",
				);
				MARKETING_VERSION = 1.0;
				PRODUCT_BUNDLE_IDENTIFIER = com.ba1ashov.iOSPatterns;
				PRODUCT_NAME = "$(TARGET_NAME)";
				SWIFT_EMIT_LOC_STRINGS = YES;
				SWIFT_VERSION = 5.0;
				TARGETED_DEVICE_FAMILY = "1,2";
			};
			name = Debug;
		};
		EFCDD80827EF3969003E522F /* Release */ = {
			isa = XCBuildConfiguration;
			buildSettings = {
				ALWAYS_EMBED_SWIFT_STANDARD_LIBRARIES = YES;
				ASSETCATALOG_COMPILER_APPICON_NAME = AppIcon;
				ASSETCATALOG_COMPILER_GLOBAL_ACCENT_COLOR_NAME = AccentColor;
				CODE_SIGN_STYLE = Automatic;
				CURRENT_PROJECT_VERSION = 1;
				DEVELOPMENT_TEAM = 6XNMN66Z79;
				GENERATE_INFOPLIST_FILE = YES;
				INFOPLIST_FILE = iOSPatterns/Info.plist;
				INFOPLIST_KEY_UIApplicationSupportsIndirectInputEvents = YES;
				INFOPLIST_KEY_UILaunchStoryboardName = LaunchScreen;
				INFOPLIST_KEY_UISupportedInterfaceOrientations_iPad = "UIInterfaceOrientationPortrait UIInterfaceOrientationPortraitUpsideDown UIInterfaceOrientationLandscapeLeft UIInterfaceOrientationLandscapeRight";
				INFOPLIST_KEY_UISupportedInterfaceOrientations_iPhone = "UIInterfaceOrientationPortrait UIInterfaceOrientationLandscapeLeft UIInterfaceOrientationLandscapeRight";
				LD_RUNPATH_SEARCH_PATHS = (
					"$(inherited)",
					"@executable_path/Frameworks",
				);
				MARKETING_VERSION = 1.0;
				PRODUCT_BUNDLE_IDENTIFIER = com.ba1ashov.iOSPatterns;
				PRODUCT_NAME = "$(TARGET_NAME)";
				SWIFT_EMIT_LOC_STRINGS = YES;
				SWIFT_VERSION = 5.0;
				TARGETED_DEVICE_FAMILY = "1,2";
			};
			name = Release;
		};
		EFCDD81A27EF3AFA003E522F /* Debug */ = {
			isa = XCBuildConfiguration;
			buildSettings = {
				CODE_SIGN_STYLE = Automatic;
				CURRENT_PROJECT_VERSION = 1;
				DEFINES_MODULE = YES;
				DEVELOPMENT_TEAM = 6XNMN66Z79;
				DYLIB_COMPATIBILITY_VERSION = 1;
				DYLIB_CURRENT_VERSION = 1;
				DYLIB_INSTALL_NAME_BASE = "@rpath";
				GENERATE_INFOPLIST_FILE = YES;
				INFOPLIST_KEY_NSHumanReadableCopyright = "";
				INSTALL_PATH = "$(LOCAL_LIBRARY_DIR)/Frameworks";
				IPHONEOS_DEPLOYMENT_TARGET = 13.0;
				LD_RUNPATH_SEARCH_PATHS = (
					"$(inherited)",
					"@executable_path/Frameworks",
					"@loader_path/Frameworks",
				);
				MARKETING_VERSION = 1.0;
				PRODUCT_BUNDLE_IDENTIFIER = com.ba1ashov.RxMVVM;
				PRODUCT_NAME = "$(TARGET_NAME:c99extidentifier)";
				SKIP_INSTALL = YES;
				SUPPORTS_MACCATALYST = NO;
				SWIFT_EMIT_LOC_STRINGS = YES;
				SWIFT_VERSION = 5.0;
				TARGETED_DEVICE_FAMILY = "1,2";
				VERSIONING_SYSTEM = "apple-generic";
				VERSION_INFO_PREFIX = "";
			};
			name = Debug;
		};
		EFCDD81B27EF3AFA003E522F /* Release */ = {
			isa = XCBuildConfiguration;
			buildSettings = {
				CODE_SIGN_STYLE = Automatic;
				CURRENT_PROJECT_VERSION = 1;
				DEFINES_MODULE = YES;
				DEVELOPMENT_TEAM = 6XNMN66Z79;
				DYLIB_COMPATIBILITY_VERSION = 1;
				DYLIB_CURRENT_VERSION = 1;
				DYLIB_INSTALL_NAME_BASE = "@rpath";
				GENERATE_INFOPLIST_FILE = YES;
				INFOPLIST_KEY_NSHumanReadableCopyright = "";
				INSTALL_PATH = "$(LOCAL_LIBRARY_DIR)/Frameworks";
				IPHONEOS_DEPLOYMENT_TARGET = 13.0;
				LD_RUNPATH_SEARCH_PATHS = (
					"$(inherited)",
					"@executable_path/Frameworks",
					"@loader_path/Frameworks",
				);
				MARKETING_VERSION = 1.0;
				PRODUCT_BUNDLE_IDENTIFIER = com.ba1ashov.RxMVVM;
				PRODUCT_NAME = "$(TARGET_NAME:c99extidentifier)";
				SKIP_INSTALL = YES;
				SUPPORTS_MACCATALYST = NO;
				SWIFT_EMIT_LOC_STRINGS = YES;
				SWIFT_VERSION = 5.0;
				TARGETED_DEVICE_FAMILY = "1,2";
				VERSIONING_SYSTEM = "apple-generic";
				VERSION_INFO_PREFIX = "";
			};
			name = Release;
		};
		EFCDD84727EF3EC6003E522F /* Debug */ = {
			isa = XCBuildConfiguration;
			buildSettings = {
				CODE_SIGN_STYLE = Automatic;
				CURRENT_PROJECT_VERSION = 1;
				DEFINES_MODULE = YES;
				DEVELOPMENT_TEAM = 6XNMN66Z79;
				DYLIB_COMPATIBILITY_VERSION = 1;
				DYLIB_CURRENT_VERSION = 1;
				DYLIB_INSTALL_NAME_BASE = "@rpath";
				GENERATE_INFOPLIST_FILE = YES;
				INFOPLIST_KEY_NSHumanReadableCopyright = "";
				INSTALL_PATH = "$(LOCAL_LIBRARY_DIR)/Frameworks";
				IPHONEOS_DEPLOYMENT_TARGET = 13.0;
				LD_RUNPATH_SEARCH_PATHS = (
					"$(inherited)",
					"@executable_path/Frameworks",
					"@loader_path/Frameworks",
				);
				MARKETING_VERSION = 1.0;
				PRODUCT_BUNDLE_IDENTIFIER = com.ba1ashov.ConfigurableUI;
				PRODUCT_NAME = "$(TARGET_NAME:c99extidentifier)";
				SKIP_INSTALL = YES;
				SUPPORTS_MACCATALYST = NO;
				SWIFT_EMIT_LOC_STRINGS = YES;
				SWIFT_VERSION = 5.0;
				TARGETED_DEVICE_FAMILY = "1,2";
				VERSIONING_SYSTEM = "apple-generic";
				VERSION_INFO_PREFIX = "";
			};
			name = Debug;
		};
		EFCDD84827EF3EC6003E522F /* Release */ = {
			isa = XCBuildConfiguration;
			buildSettings = {
				CODE_SIGN_STYLE = Automatic;
				CURRENT_PROJECT_VERSION = 1;
				DEFINES_MODULE = YES;
				DEVELOPMENT_TEAM = 6XNMN66Z79;
				DYLIB_COMPATIBILITY_VERSION = 1;
				DYLIB_CURRENT_VERSION = 1;
				DYLIB_INSTALL_NAME_BASE = "@rpath";
				GENERATE_INFOPLIST_FILE = YES;
				INFOPLIST_KEY_NSHumanReadableCopyright = "";
				INSTALL_PATH = "$(LOCAL_LIBRARY_DIR)/Frameworks";
				IPHONEOS_DEPLOYMENT_TARGET = 13.0;
				LD_RUNPATH_SEARCH_PATHS = (
					"$(inherited)",
					"@executable_path/Frameworks",
					"@loader_path/Frameworks",
				);
				MARKETING_VERSION = 1.0;
				PRODUCT_BUNDLE_IDENTIFIER = com.ba1ashov.ConfigurableUI;
				PRODUCT_NAME = "$(TARGET_NAME:c99extidentifier)";
				SKIP_INSTALL = YES;
				SUPPORTS_MACCATALYST = NO;
				SWIFT_EMIT_LOC_STRINGS = YES;
				SWIFT_VERSION = 5.0;
				TARGETED_DEVICE_FAMILY = "1,2";
				VERSIONING_SYSTEM = "apple-generic";
				VERSION_INFO_PREFIX = "";
			};
			name = Release;
		};
		EFCDD89827EF6D38003E522F /* Debug */ = {
			isa = XCBuildConfiguration;
			buildSettings = {
				CODE_SIGN_STYLE = Automatic;
				CURRENT_PROJECT_VERSION = 1;
				DEFINES_MODULE = YES;
				DEVELOPMENT_TEAM = 6XNMN66Z79;
				DYLIB_COMPATIBILITY_VERSION = 1;
				DYLIB_CURRENT_VERSION = 1;
				DYLIB_INSTALL_NAME_BASE = "@rpath";
				GENERATE_INFOPLIST_FILE = YES;
				INFOPLIST_KEY_NSHumanReadableCopyright = "";
				INSTALL_PATH = "$(LOCAL_LIBRARY_DIR)/Frameworks";
				IPHONEOS_DEPLOYMENT_TARGET = 13.0;
				LD_RUNPATH_SEARCH_PATHS = (
					"$(inherited)",
					"@executable_path/Frameworks",
					"@loader_path/Frameworks",
				);
				MARKETING_VERSION = 1.0;
				PRODUCT_BUNDLE_IDENTIFIER = com.ba1ashov.PatternFoundation;
				PRODUCT_NAME = "$(TARGET_NAME:c99extidentifier)";
				SKIP_INSTALL = YES;
				SUPPORTS_MACCATALYST = NO;
				SWIFT_EMIT_LOC_STRINGS = YES;
				SWIFT_VERSION = 5.0;
				TARGETED_DEVICE_FAMILY = "1,2";
				VERSIONING_SYSTEM = "apple-generic";
				VERSION_INFO_PREFIX = "";
			};
			name = Debug;
		};
		EFCDD89927EF6D38003E522F /* Release */ = {
			isa = XCBuildConfiguration;
			buildSettings = {
				CODE_SIGN_STYLE = Automatic;
				CURRENT_PROJECT_VERSION = 1;
				DEFINES_MODULE = YES;
				DEVELOPMENT_TEAM = 6XNMN66Z79;
				DYLIB_COMPATIBILITY_VERSION = 1;
				DYLIB_CURRENT_VERSION = 1;
				DYLIB_INSTALL_NAME_BASE = "@rpath";
				GENERATE_INFOPLIST_FILE = YES;
				INFOPLIST_KEY_NSHumanReadableCopyright = "";
				INSTALL_PATH = "$(LOCAL_LIBRARY_DIR)/Frameworks";
				IPHONEOS_DEPLOYMENT_TARGET = 13.0;
				LD_RUNPATH_SEARCH_PATHS = (
					"$(inherited)",
					"@executable_path/Frameworks",
					"@loader_path/Frameworks",
				);
				MARKETING_VERSION = 1.0;
				PRODUCT_BUNDLE_IDENTIFIER = com.ba1ashov.PatternFoundation;
				PRODUCT_NAME = "$(TARGET_NAME:c99extidentifier)";
				SKIP_INSTALL = YES;
				SUPPORTS_MACCATALYST = NO;
				SWIFT_EMIT_LOC_STRINGS = YES;
				SWIFT_VERSION = 5.0;
				TARGETED_DEVICE_FAMILY = "1,2";
				VERSIONING_SYSTEM = "apple-generic";
				VERSION_INFO_PREFIX = "";
			};
			name = Release;
		};
/* End XCBuildConfiguration section */

/* Begin XCConfigurationList section */
		EFCDD7ED27EF3965003E522F /* Build configuration list for PBXProject "iOSPatterns" */ = {
			isa = XCConfigurationList;
			buildConfigurations = (
				EFCDD80427EF3969003E522F /* Debug */,
				EFCDD80527EF3969003E522F /* Release */,
			);
			defaultConfigurationIsVisible = 0;
			defaultConfigurationName = Release;
		};
		EFCDD80627EF3969003E522F /* Build configuration list for PBXNativeTarget "iOSPatterns" */ = {
			isa = XCConfigurationList;
			buildConfigurations = (
				EFCDD80727EF3969003E522F /* Debug */,
				EFCDD80827EF3969003E522F /* Release */,
			);
			defaultConfigurationIsVisible = 0;
			defaultConfigurationName = Release;
		};
		EFCDD81C27EF3AFA003E522F /* Build configuration list for PBXNativeTarget "RxMVVM" */ = {
			isa = XCConfigurationList;
			buildConfigurations = (
				EFCDD81A27EF3AFA003E522F /* Debug */,
				EFCDD81B27EF3AFA003E522F /* Release */,
			);
			defaultConfigurationIsVisible = 0;
			defaultConfigurationName = Release;
		};
		EFCDD84627EF3EC6003E522F /* Build configuration list for PBXNativeTarget "ConfigurableUI" */ = {
			isa = XCConfigurationList;
			buildConfigurations = (
				EFCDD84727EF3EC6003E522F /* Debug */,
				EFCDD84827EF3EC6003E522F /* Release */,
			);
			defaultConfigurationIsVisible = 0;
			defaultConfigurationName = Release;
		};
		EFCDD89727EF6D38003E522F /* Build configuration list for PBXNativeTarget "PatternFoundation" */ = {
			isa = XCConfigurationList;
			buildConfigurations = (
				EFCDD89827EF6D38003E522F /* Debug */,
				EFCDD89927EF6D38003E522F /* Release */,
			);
			defaultConfigurationIsVisible = 0;
			defaultConfigurationName = Release;
		};
/* End XCConfigurationList section */

/* Begin XCRemoteSwiftPackageReference section */
		EFCDD82A27EF3CDC003E522F /* XCRemoteSwiftPackageReference "RxDataSources" */ = {
			isa = XCRemoteSwiftPackageReference;
			repositoryURL = "https://github.com/RxSwiftCommunity/RxDataSources";
			requirement = {
				kind = upToNextMajorVersion;
				minimumVersion = 5.0.0;
			};
		};
		EFCDD86427EF59B7003E522F /* XCRemoteSwiftPackageReference "RxSwift" */ = {
			isa = XCRemoteSwiftPackageReference;
			repositoryURL = "https://github.com/ReactiveX/RxSwift";
			requirement = {
				kind = upToNextMajorVersion;
				minimumVersion = 6.0.0;
			};
		};
		EFCDD8A827EF73CA003E522F /* XCRemoteSwiftPackageReference "SnapKit" */ = {
			isa = XCRemoteSwiftPackageReference;
			repositoryURL = "https://github.com/SnapKit/SnapKit.git";
			requirement = {
				kind = upToNextMajorVersion;
				minimumVersion = 5.0.0;
			};
		};
/* End XCRemoteSwiftPackageReference section */

/* Begin XCSwiftPackageProductDependency section */
		EFCDD82D27EF3CDC003E522F /* RxDataSources */ = {
			isa = XCSwiftPackageProductDependency;
			package = EFCDD82A27EF3CDC003E522F /* XCRemoteSwiftPackageReference "RxDataSources" */;
			productName = RxDataSources;
		};
		EFCDD86227EF568F003E522F /* Differentiator */ = {
			isa = XCSwiftPackageProductDependency;
			package = EFCDD82A27EF3CDC003E522F /* XCRemoteSwiftPackageReference "RxDataSources" */;
			productName = Differentiator;
		};
		EFCDD86527EF59B7003E522F /* RxCocoa */ = {
			isa = XCSwiftPackageProductDependency;
			package = EFCDD86427EF59B7003E522F /* XCRemoteSwiftPackageReference "RxSwift" */;
			productName = RxCocoa;
		};
		EFCDD86727EF59B7003E522F /* RxSwift */ = {
			isa = XCSwiftPackageProductDependency;
			package = EFCDD86427EF59B7003E522F /* XCRemoteSwiftPackageReference "RxSwift" */;
			productName = RxSwift;
		};
		EFCDD8A927EF73CB003E522F /* SnapKit */ = {
			isa = XCSwiftPackageProductDependency;
			package = EFCDD8A827EF73CA003E522F /* XCRemoteSwiftPackageReference "SnapKit" */;
			productName = SnapKit;
		};
/* End XCSwiftPackageProductDependency section */
	};
	rootObject = EFCDD7EA27EF3965003E522F /* Project object */;
}
